
Microsoft Visual Studio Solution File, Format Version 12.00
# Visual Studio Version 17
VisualStudioVersion = 17.4.33205.214
MinimumVisualStudioVersion = 10.0.40219.1
Project("{FAE04EC0-301F-11D3-BF4B-00C04F79EFBC}") = "Counter", "Counter.csproj", "{08ABDA7A-EA3B-4D3F-9D64-C621EB825F4A}"
EndProject
Global
	GlobalSection(SolutionConfigurationPlatforms) = preSolution
		Debug|Any CPU = Debug|Any CPU
		Release|Any CPU = Release|Any CPU
	EndGlobalSection
	GlobalSection(ProjectConfigurationPlatforms) = postSolution
		{08ABDA7A-EA3B-4D3F-9D64-C621EB825F4A}.Debug|Any CPU.ActiveCfg = Debug|Any CPU
		{08ABDA7A-EA3B-4D3F-9D64-C621EB825F4A}.Debug|Any CPU.Build.0 = Debug|Any CPU
		{08ABDA7A-EA3B-4D3F-9D64-C621EB825F4A}.Release|Any CPU.ActiveCfg = Release|Any CPU
		{08ABDA7A-EA3B-4D3F-9D64-C621EB825F4A}.Release|Any CPU.Build.0 = Release|Any CPU
	EndGlobalSection
	GlobalSection(SolutionProperties) = preSolution
		HideSolutionNode = FALSE
	EndGlobalSection
	GlobalSection(ExtensibilityGlobals) = postSolution
		SolutionGuid = {D0DA07A6-99D8-40AD-ADD9-04487ACF8401}
	EndGlobalSection
EndGlobal
